
Microsoft Visual Studio Solution File, Format Version 12.00
# Visual Studio Version 16
VisualStudioVersion = 16.0.32929.386
MinimumVisualStudioVersion = 10.0.40219.1
Project("{FAE04EC0-301F-11D3-BF4B-00C04F79EFBC}") = "Bus bookig", "Bus bookig\Bus bookig.csproj", "{11B13882-7AC0-4E6B-800D-B054DC0643E7}"
EndProject
Global
	GlobalSection(SolutionConfigurationPlatforms) = preSolution
		Debug|Any CPU = Debug|Any CPU
		Debug|x64 = Debug|x64
		Debug|x86 = Debug|x86
		Release|Any CPU = Release|Any CPU
		Release|x64 = Release|x64
		Release|x86 = Release|x86
	EndGlobalSection
	GlobalSection(ProjectConfigurationPlatforms) = postSolution
		{11B13882-7AC0-4E6B-800D-B054DC0643E7}.Debug|Any CPU.ActiveCfg = Debug|Any CPU
		{11B13882-7AC0-4E6B-800D-B054DC0643E7}.Debug|Any CPU.Build.0 = Debug|Any CPU
		{11B13882-7AC0-4E6B-800D-B054DC0643E7}.Debug|x64.ActiveCfg = Debug|x86
		{11B13882-7AC0-4E6B-800D-B054DC0643E7}.Debug|x64.Build.0 = Debug|x86
		{11B13882-7AC0-4E6B-800D-B054DC0643E7}.Debug|x86.ActiveCfg = Debug|x86
		{11B13882-7AC0-4E6B-800D-B054DC0643E7}.Debug|x86.Build.0 = Debug|x86
		{11B13882-7AC0-4E6B-800D-B054DC0643E7}.Release|Any CPU.ActiveCfg = Release|Any CPU
		{11B13882-7AC0-4E6B-800D-B054DC0643E7}.Release|Any CPU.Build.0 = Release|Any CPU
		{11B13882-7AC0-4E6B-800D-B054DC0643E7}.Release|x64.ActiveCfg = Release|x64
		{11B13882-7AC0-4E6B-800D-B054DC0643E7}.Release|x64.Build.0 = Release|x64
		{11B13882-7AC0-4E6B-800D-B054DC0643E7}.Release|x86.ActiveCfg = Release|x86
		{11B13882-7AC0-4E6B-800D-B054DC0643E7}.Release|x86.Build.0 = Release|x86
	EndGlobalSection
	GlobalSection(SolutionProperties) = preSolution
		HideSolutionNode = FALSE
	EndGlobalSection
	GlobalSection(ExtensibilityGlobals) = postSolution
		SolutionGuid = {B55A75F3-193B-42F8-89EF-AB2B35B7DD01}
	EndGlobalSection
EndGlobal
